
Microsoft Visual Studio Solution File, Format Version 12.00
# Visual Studio Version 16
VisualStudioVersion = 16.0.31105.61
MinimumVisualStudioVersion = 10.0.40219.1
Project("{FAE04EC0-301F-11D3-BF4B-00C04F79EFBC}") = "TestingFormsDotNet_3_1", "TestingFormsDotNet_3_1\TestingFormsDotNet_3_1.csproj", "{23C3722C-4C83-4183-954F-5FFA0BBE268C}"
EndProject
Global
	GlobalSection(SolutionConfigurationPlatforms) = preSolution
		Debug|Any CPU = Debug|Any CPU
		Release|Any CPU = Release|Any CPU
	EndGlobalSection
	GlobalSection(ProjectConfigurationPlatforms) = postSolution
		{23C3722C-4C83-4183-954F-5FFA0BBE268C}.Debug|Any CPU.ActiveCfg = Debug|Any CPU
		{23C3722C-4C83-4183-954F-5FFA0BBE268C}.Debug|Any CPU.Build.0 = Debug|Any CPU
		{23C3722C-4C83-4183-954F-5FFA0BBE268C}.Release|Any CPU.ActiveCfg = Release|Any CPU
		{23C3722C-4C83-4183-954F-5FFA0BBE268C}.Release|Any CPU.Build.0 = Release|Any CPU
	EndGlobalSection
	GlobalSection(SolutionProperties) = preSolution
		HideSolutionNode = FALSE
	EndGlobalSection
	GlobalSection(ExtensibilityGlobals) = postSolution
		SolutionGuid = {C843B354-9D26-4CCB-98FA-DE2D1CD7CE31}
	EndGlobalSection
EndGlobal
